# Generated by conda-lock.
# platform: osx-64
# env_hash: 85c3000f8f6867f3ecb160677dfa3b3bc925f88dbd9bc1affddad06386e6e729
@EXPLICIT
https://conda.anaconda.org/conda-forge/osx-64/bzip2-1.0.8-h0d85af4_4.tar.bz2#37edc4e6304ca87316e160f5ca0bd1b5
https://conda.anaconda.org/conda-forge/osx-64/c-ares-1.17.2-h0d85af4_0.tar.bz2#133e6624e8c549a83f5350847d3e0a43
https://conda.anaconda.org/conda-forge/osx-64/ca-certificates-2021.5.30-h033912b_0.tar.bz2#2377a0c58b5ffe92d70b7bdcd833e8ff
https://conda.anaconda.org/conda-forge/osx-64/jbig-2.1-h0d85af4_2003.tar.bz2#4d76d11d3a256931926099498aa3565b
https://conda.anaconda.org/conda-forge/osx-64/jpeg-9d-hbcb3906_0.tar.bz2#ff6fba028f282f94ceb10597d58a56e8
https://conda.anaconda.org/conda-forge/osx-64/libcxx-12.0.1-habf9029_0.tar.bz2#49c188a7f9c7c9ddabafc80cc5625bb7
https://conda.anaconda.org/conda-forge/osx-64/libdeflate-1.7-h35c211d_5.tar.bz2#6608b6a46fd4555b5c83cda6171cc694
https://conda.anaconda.org/conda-forge/osx-64/libev-4.33-haf1e3a3_1.tar.bz2#79dc2be110b2a3d1e97ec21f691c50ad
https://conda.anaconda.org/conda-forge/osx-64/libiconv-1.16-haf1e3a3_0.tar.bz2#c5fab167412a52e491c8e11453ae016f
https://conda.anaconda.org/conda-forge/osx-64/libsodium-1.0.18-hbcb3906_1.tar.bz2#24632c09ed931af617fe6d5292919cab
https://conda.anaconda.org/conda-forge/osx-64/libwebp-base-1.2.1-h0d85af4_0.tar.bz2#8c6f05a6655b7911c62910343ba806d1
https://conda.anaconda.org/conda-forge/osx-64/llvm-openmp-12.0.1-hda6cdc1_1.tar.bz2#35b1fd6ed9f0f1c68583dc9c9f672513
https://conda.anaconda.org/conda-forge/osx-64/lzo-2.10-haf1e3a3_1000.tar.bz2#0b6bca372a95d6c602c7a922e928ce79
https://conda.anaconda.org/conda-forge/osx-64/ncurses-6.2-h2e338ed_4.tar.bz2#9cef1910395d1543527583e73dba30f1
https://conda.anaconda.org/conda-forge/osx-64/pandoc-2.14.1-h0d85af4_0.tar.bz2#e92dcbeab114699191c169e9afdf2c2e
https://conda.anaconda.org/conda-forge/osx-64/perl-5.32.1-0_h0d85af4_perl5.tar.bz2#68c078fb92f5adf805cffd4dd1504a41
https://conda.anaconda.org/conda-forge/osx-64/reproc-14.2.1-hbcb3906_0.tar.bz2#7a60834ed66c6dbc204ee40ff400ea4a
https://conda.anaconda.org/conda-forge/osx-64/xz-5.2.5-haf1e3a3_1.tar.bz2#41116deb499e9bc58048c297d6403ce6
https://conda.anaconda.org/conda-forge/osx-64/yaml-0.2.5-haf1e3a3_0.tar.bz2#84c2fc186995c25a43e86ed708065572
https://conda.anaconda.org/conda-forge/osx-64/zlib-1.2.11-h7795811_1010.tar.bz2#7d39e47e16ed0107f37c7224d5b5be8b
https://conda.anaconda.org/conda-forge/osx-64/expat-2.4.1-he49afe7_0.tar.bz2#61d8ae52fc518342e6e0891f2d2c4104
https://conda.anaconda.org/conda-forge/osx-64/icu-68.1-h74dc148_0.tar.bz2#e4e7f8580abd1275ea2250fe606b66ac
https://conda.anaconda.org/conda-forge/osx-64/lerc-2.2.1-h046ec9c_0.tar.bz2#2b4abd282f644dc51225fa9b90218567
https://conda.anaconda.org/conda-forge/osx-64/libedit-3.1.20191231-h0678c8f_2.tar.bz2#6016a8a1d0e63cac3de2c352cd40208b
https://conda.anaconda.org/conda-forge/osx-64/libffi-3.3-h046ec9c_2.tar.bz2#c7a196accaf92d40985d5c9b4d14f9cb
https://conda.anaconda.org/conda-forge/osx-64/libgfortran5-9.3.0-h6c81a4c_23.tar.bz2#a6956ceb628b14594613cefee5127a7a
https://conda.anaconda.org/conda-forge/osx-64/libpng-1.6.37-h7cec526_2.tar.bz2#9e52521faba2b53269672628d34e1513
https://conda.anaconda.org/conda-forge/osx-64/libsolv-0.7.19-hcf210ce_5.tar.bz2#d9031372f6d2286bfc835c66e73a1264
https://conda.anaconda.org/conda-forge/osx-64/lz4-c-1.9.3-he49afe7_1.tar.bz2#05c08241b66631c00ca4f9e0b75320bc
https://conda.anaconda.org/conda-forge/osx-64/openssl-1.1.1k-h0d85af4_1.tar.bz2#74d8c1e0196f2a556638d54be56debc8
https://conda.anaconda.org/conda-forge/osx-64/pcre2-10.37-ha16e1b2_0.tar.bz2#a3be43be1fcee194d1e82e5ca2ce47bc
https://conda.anaconda.org/conda-forge/osx-64/readline-8.1-h05e3726_0.tar.bz2#2832e9b6a7caa7cb192fcda6cfcd8871
https://conda.anaconda.org/conda-forge/osx-64/reproc-cpp-14.2.1-h2e338ed_0.tar.bz2#81f8c26dd046e967c4536054e1863001
https://conda.anaconda.org/conda-forge/osx-64/tk-8.6.10-h0419947_1.tar.bz2#9a79a432473acddd936ff8bab8b86145
https://conda.anaconda.org/conda-forge/osx-64/zeromq-4.3.4-h1c7c35f_0.tar.bz2#2af55e3523e9210b2b2dff5855fb5382
https://conda.anaconda.org/conda-forge/osx-64/freetype-2.10.4-h4cff582_1.tar.bz2#5a136a432c6062362cd7990c514bd8d6
https://conda.anaconda.org/conda-forge/osx-64/gettext-0.19.8.1-h7937167_1005.tar.bz2#52fd84c5cc5d61a6e05885f44d033efa
https://conda.anaconda.org/conda-forge/osx-64/krb5-1.19.2-hcfbf3a7_0.tar.bz2#a690006b8fea5c7d9eccf30aa07bb5d9
https://conda.anaconda.org/conda-forge/osx-64/libgfortran-5.0.0-9_3_0_h6c81a4c_23.tar.bz2#60f48cef2d50674e0428c5579b6c3f66
https://conda.anaconda.org/conda-forge/osx-64/libnghttp2-1.43.0-h07e645a_0.tar.bz2#b4a9c405d47f3b120ed6cf86cc8a13aa
https://conda.anaconda.org/conda-forge/osx-64/libssh2-1.9.0-h52ee1ee_6.tar.bz2#42cebefd1fd127d1180e3df004a413b7
https://conda.anaconda.org/conda-forge/osx-64/libxml2-2.9.12-h93ec3fd_0.tar.bz2#3bb7e5cd72ee6520ce6e26600a1283db
https://conda.anaconda.org/conda-forge/osx-64/sqlite-3.36.0-h23a322b_0.tar.bz2#6b6f868ab26da23c5a9b518799de901a
https://conda.anaconda.org/conda-forge/osx-64/zstd-1.5.0-h582d3a0_0.tar.bz2#96a04eeb0146059f0c2d63491f77d6d0
https://conda.anaconda.org/conda-forge/osx-64/libarchive-3.5.1-h2b60450_2.tar.bz2#92198624b4c4b76b5190bd9e257eb4d8
https://conda.anaconda.org/conda-forge/osx-64/libcurl-7.78.0-hf45b732_0.tar.bz2#dbd0239d2c0aee6405a5466ad7cdf7ee
https://conda.anaconda.org/conda-forge/osx-64/libopenblas-0.3.17-openmp_h3351f45_1.tar.bz2#7bcb478878af05fa60697e809d7827aa
https://conda.anaconda.org/conda-forge/osx-64/libtiff-4.3.0-h1167814_1.tar.bz2#f189eeda45133c4f5cd73a8e7ebb7019
https://conda.anaconda.org/conda-forge/osx-64/python-3.8.10-h0e5c897_0_cpython.tar.bz2#4aa1572dc4c4ac9afdc33dbaa9e57424
https://conda.anaconda.org/conda-forge/noarch/alabaster-0.7.12-py_0.tar.bz2#2489a97287f90176ecdc3ca982b4b0a0
https://conda.anaconda.org/conda-forge/noarch/appdirs-1.4.4-pyh9f0ad1d_0.tar.bz2#5f095bc6454094e96f146491fd03633b
https://conda.anaconda.org/conda-forge/noarch/async_generator-1.10-py_0.tar.bz2#d56c596e61b1c4952acf0a9920856c12
https://conda.anaconda.org/conda-forge/noarch/attrs-20.3.0-pyhd3deb0d_0.tar.bz2#5b319abb055eefcfa344bc21378ca23f
https://conda.anaconda.org/conda-forge/noarch/backcall-0.2.0-pyh9f0ad1d_0.tar.bz2#6006a6d08a3fa99268a2681c7fb55213
https://conda.anaconda.org/conda-forge/noarch/backports-1.0-py_2.tar.bz2#0da16b293affa6ac31812376f8eb79dd
https://conda.anaconda.org/conda-forge/noarch/charset-normalizer-2.0.0-pyhd8ed1ab_0.tar.bz2#4a57e24d5b759893615c05926b7b5fb9
https://conda.anaconda.org/conda-forge/noarch/click-7.1.2-pyh9f0ad1d_0.tar.bz2#bd50a970ce07e660c319fdc4d730d3f1
https://conda.anaconda.org/conda-forge/noarch/colorama-0.4.4-pyh9f0ad1d_0.tar.bz2#c08b4c1326b880ed44f3ffb04803332f
https://conda.anaconda.org/conda-forge/osx-64/curl-7.78.0-hb861fe1_0.tar.bz2#439763cec96dd320cc36e3d4cf948093
https://conda.anaconda.org/conda-forge/noarch/dataclasses-0.8-pyhc8e2a94_3.tar.bz2#a362b2124b06aad102e2ee4581acee7d
https://conda.anaconda.org/conda-forge/noarch/decorator-5.0.9-pyhd8ed1ab_0.tar.bz2#0ae9cca42e37b5ce6267c2a2b1383546
https://conda.anaconda.org/conda-forge/noarch/defusedxml-0.7.1-pyhd8ed1ab_0.tar.bz2#961b3a227b437d82ad7054484cfa71b2
https://conda.anaconda.org/conda-forge/noarch/entrypoints-0.3-pyhd8ed1ab_1003.tar.bz2#bbf9a201f6ce99a506f4955374d9a9f4
https://conda.anaconda.org/conda-forge/noarch/filelock-3.0.12-pyh9f0ad1d_0.tar.bz2#7544ed05bbbe9bb687bc9bcbe4d6cb46
https://conda.anaconda.org/conda-forge/noarch/idna-3.1-pyhd3deb0d_0.tar.bz2#9c9aea4b8391264477df484f798562d0
https://conda.anaconda.org/conda-forge/noarch/imagesize-1.2.0-py_0.tar.bz2#5879bd2c4b399a5072468e5fe587bf1b
https://conda.anaconda.org/conda-forge/noarch/ipython_genutils-0.2.0-py_1.tar.bz2#5071c982548b3a20caf70462f04f5287
https://conda.anaconda.org/conda-forge/noarch/jupyterlab_widgets-1.0.0-pyhd8ed1ab_1.tar.bz2#f8da92114c8fbe1d951b0efaf54dd14b
https://conda.anaconda.org/conda-forge/osx-64/lcms2-2.12-h577c468_0.tar.bz2#abce77b852b73670e85e104746b0ea1b
https://conda.anaconda.org/conda-forge/osx-64/libblas-3.9.0-11_osx64_openblas.tar.bz2#2f9b6da86f6018deedf855ccb04893a5
https://conda.anaconda.org/conda-forge/noarch/nest-asyncio-1.5.1-pyhd8ed1ab_0.tar.bz2#47a51a5b8f9cc41004c8d7bd88b62447
https://conda.anaconda.org/conda-forge/noarch/olefile-0.46-pyh9f0ad1d_1.tar.bz2#0b2e68acc8c78c8cc392b90983481f58
https://conda.anaconda.org/conda-forge/osx-64/openjpeg-2.4.0-h6e7aa92_1.tar.bz2#c8cbb6d99f6467246ac26a139256e50f
https://conda.anaconda.org/conda-forge/noarch/pandocfilters-1.4.2-py_1.tar.bz2#ba6f4a308f1ea22abe1d72e72544af76
https://conda.anaconda.org/conda-forge/noarch/parso-0.8.2-pyhd8ed1ab_0.tar.bz2#fb40b157bd62b457a1cc82527b63f0b0
https://conda.anaconda.org/conda-forge/noarch/pickleshare-0.7.5-py_1003.tar.bz2#415f0ebb6198cc2801c73438a9fb5761
https://conda.anaconda.org/conda-forge/noarch/prometheus_client-0.11.0-pyhd8ed1ab_0.tar.bz2#01f530bf82d9f589c2087b8c347d5e29
https://conda.anaconda.org/conda-forge/noarch/ptyprocess-0.7.0-pyhd3deb0d_0.tar.bz2#359eeb6536da0e687af562ed265ec263
https://conda.anaconda.org/conda-forge/noarch/pycparser-2.20-pyh9f0ad1d_2.tar.bz2#aa798d50ffd182a0f6f31478c7f434f6
https://conda.anaconda.org/conda-forge/noarch/pyparsing-2.4.7-pyh9f0ad1d_0.tar.bz2#626c4f20d5bf06dcec9cf2eaa31725c7
https://conda.anaconda.org/conda-forge/osx-64/python_abi-3.8-2_cp38.tar.bz2#156803acb0247c263c9586f190b72f1c
https://conda.anaconda.org/conda-forge/noarch/pytz-2021.1-pyhd8ed1ab_0.tar.bz2#3af2e9424d5eb0063824a3f9b850d411
https://conda.anaconda.org/conda-forge/noarch/send2trash-1.8.0-pyhd8ed1ab_0.tar.bz2#edab14119efe85c3bf131ad747e9005c
https://conda.anaconda.org/conda-forge/noarch/shellingham-1.4.0-pyh44b312d_0.tar.bz2#437655338696f9d0dfdb0a024e66b255
https://conda.anaconda.org/conda-forge/noarch/six-1.16.0-pyh6c4a22f_0.tar.bz2#e5f25f8dbc060e9a8d912e432202afc2
https://conda.anaconda.org/conda-forge/noarch/smmap-3.0.5-pyh44b312d_0.tar.bz2#3a8dc70789709aa315325d5df06fb7e4
https://conda.anaconda.org/conda-forge/noarch/snowballstemmer-2.1.0-pyhd8ed1ab_0.tar.bz2#f1d64c0cf0eedf655a96ccdc1573c05a
https://conda.anaconda.org/conda-forge/noarch/soupsieve-2.0.1-py_1.tar.bz2#aa1db70848c19bace567ba39a157f508
https://conda.anaconda.org/conda-forge/noarch/sphinxcontrib-applehelp-1.0.2-py_0.tar.bz2#20b2eaeaeea4ef9a9a0d99770620fd09
https://conda.anaconda.org/conda-forge/noarch/sphinxcontrib-devhelp-1.0.2-py_0.tar.bz2#68e01cac9d38d0e717cd5c87bc3d2cc9
https://conda.anaconda.org/conda-forge/noarch/sphinxcontrib-htmlhelp-2.0.0-pyhd8ed1ab_0.tar.bz2#77dad82eb9c8c1525ff7953e0756d708
https://conda.anaconda.org/conda-forge/noarch/sphinxcontrib-jsmath-1.0.1-py_0.tar.bz2#67cd9d9c0382d37479b4d306c369a2d4
https://conda.anaconda.org/conda-forge/noarch/sphinxcontrib-qthelp-1.0.3-py_0.tar.bz2#d01180388e6d1838c3e1ad029590aa7a
https://conda.anaconda.org/conda-forge/noarch/sphinxcontrib-serializinghtml-1.1.5-pyhd8ed1ab_0.tar.bz2#60e630285f44af05767dcb7f473ee03f
https://conda.anaconda.org/conda-forge/noarch/testpath-0.5.0-pyhd8ed1ab_0.tar.bz2#53b57d6a468bebc7cef1253b177a5e9e
https://conda.anaconda.org/conda-forge/noarch/toml-0.10.2-pyhd8ed1ab_0.tar.bz2#f832c45a477c78bebd107098db465095
https://conda.anaconda.org/conda-forge/noarch/typing_extensions-3.10.0.0-pyha770c72_0.tar.bz2#67c0cba6533b641f28946d7c16f361c8
https://conda.anaconda.org/conda-forge/noarch/uc-micro-py-1.0.1-pyhd8ed1ab_0.tar.bz2#3ddf6684d9b274a12c94e509ca45656c
https://conda.anaconda.org/conda-forge/noarch/webencodings-0.5.1-py_1.tar.bz2#3563be4c5611a44210d9ba0c16113136
https://conda.anaconda.org/conda-forge/noarch/wheel-0.37.0-pyhd8ed1ab_1.tar.bz2#3aa2c3e25dd361b453d010388b9cdff1
https://conda.anaconda.org/conda-forge/noarch/zipp-3.5.0-pyhd8ed1ab_0.tar.bz2#f9dd05a5ed6b81c91f097e3739107a74
https://conda.anaconda.org/conda-forge/osx-64/appnope-0.1.2-py38h50d1736_1.tar.bz2#8426b3b9bb0f98118f24e55958f88b8e
https://conda.anaconda.org/conda-forge/noarch/babel-2.9.1-pyh44b312d_0.tar.bz2#74136ed39bfea0832d338df1e58d013e
https://conda.anaconda.org/conda-forge/noarch/beautifulsoup4-4.9.3-pyhb0f4dca_0.tar.bz2#d243a293d7303ab6195d96ce8c16b1cb
https://conda.anaconda.org/conda-forge/osx-64/certifi-2021.5.30-py38h50d1736_0.tar.bz2#3f46f92d61f3c1809c2651e4cde439b6
https://conda.anaconda.org/conda-forge/osx-64/cffi-1.14.6-py38h9688ba1_0.tar.bz2#35e98e19d29b3cffdfa667995b999d7b
https://conda.anaconda.org/conda-forge/osx-64/chardet-4.0.0-py38h50d1736_1.tar.bz2#78e43861bd8d39b948feaa1715b22851
https://conda.anaconda.org/conda-forge/noarch/click-default-group-1.2.2-pyhd8ed1ab_1.tar.bz2#72a46ffc25701c173932fd55cf0965d3
https://conda.anaconda.org/conda-forge/noarch/click-log-0.3.2-pyh9f0ad1d_0.tar.bz2#3a64d156136fad977df1b81a24b57ac0
https://conda.anaconda.org/conda-forge/noarch/cycler-0.10.0-py_2.tar.bz2#f6d7c7e6d8f42cbbec7e07a8d879f91c
https://conda.anaconda.org/conda-forge/osx-64/debugpy-1.4.1-py38ha048514_0.tar.bz2#ff1a97aee2e13df87f87988deb1d936a
https://conda.anaconda.org/conda-forge/osx-64/docutils-0.16-py38h50d1736_3.tar.bz2#935f17c6604af240ea1c31c1d3292293
https://conda.anaconda.org/conda-forge/osx-64/git-2.32.0-pl5321h9a53687_0.tar.bz2#f37a00fcd0dfc0766bfe2a6a7f66b81f
https://conda.anaconda.org/conda-forge/noarch/gitdb-4.0.7-pyhd8ed1ab_0.tar.bz2#12977b4cc317a6ee2939aedcb09a4898
https://conda.anaconda.org/conda-forge/osx-64/importlib-metadata-4.6.4-py38h50d1736_0.tar.bz2#2dc2fa94d463b7d4679428e142ae7a72
https://conda.anaconda.org/conda-forge/noarch/importlib_resources-5.2.2-pyhd8ed1ab_0.tar.bz2#95f347313ca89b90b65ea5265051aea1
https://conda.anaconda.org/conda-forge/osx-64/jedi-0.18.0-py38h50d1736_2.tar.bz2#fd627462ba923b731e3220d729f05951
https://conda.anaconda.org/conda-forge/osx-64/kiwisolver-1.3.1-py38h12bbefe_1.tar.bz2#3ef86f70699e057398f0400452683a33
https://conda.anaconda.org/conda-forge/noarch/latexcodec-2.0.1-pyh9f0ad1d_0.tar.bz2#8d67904973263afd2985ba56aa2d6bb4
https://conda.anaconda.org/conda-forge/osx-64/libcblas-3.9.0-11_osx64_openblas.tar.bz2#c0378dd75e109b7a0b622e8d2a151dea
https://conda.anaconda.org/conda-forge/osx-64/liblapack-3.9.0-11_osx64_openblas.tar.bz2#6b296c0d990d973f20abb79078de9812
https://conda.anaconda.org/conda-forge/noarch/linkify-it-py-1.0.1-pyhd8ed1ab_0.tar.bz2#ba62f26244ee9275094ed243228c6318
https://conda.anaconda.org/conda-forge/osx-64/markupsafe-2.0.1-py38h96a0964_0.tar.bz2#8faa70041542bf72f166f87a83ba0af2
https://conda.anaconda.org/conda-forge/osx-64/mistune-0.8.4-py38h96a0964_1004.tar.bz2#e7bac176391a20a0dc94a0ae78337740
https://conda.anaconda.org/conda-forge/noarch/packaging-21.0-pyhd8ed1ab_0.tar.bz2#45cfb8e482b5cce8f07c87e0e19a592c
https://conda.anaconda.org/conda-forge/noarch/pexpect-4.8.0-pyh9f0ad1d_2.tar.bz2#5909e7b978141dd80d28dbf9de627827
https://conda.anaconda.org/conda-forge/osx-64/pillow-8.3.1-py38hee640a0_0.tar.bz2#f73d952d12c5d297fbc6f3d27a578332
https://conda.anaconda.org/conda-forge/osx-64/pycosat-0.6.3-py38h96a0964_1006.tar.bz2#c832642ce01423e7855d99e283f488aa
https://conda.anaconda.org/conda-forge/osx-64/pyrsistent-0.17.3-py38h96a0964_2.tar.bz2#8058b2c1e83370ec2a701c9c9fbe41be
https://conda.anaconda.org/conda-forge/osx-64/pysocks-1.7.1-py38h50d1736_3.tar.bz2#cbf7ab149d29e578a094bcf99d2dbf09
https://conda.anaconda.org/conda-forge/noarch/python-dateutil-2.8.2-pyhd8ed1ab_0.tar.bz2#dd999d1cc9f79e67dbb855c8924c7984
https://conda.anaconda.org/conda-forge/osx-64/pyyaml-5.4.1-py38h96a0964_1.tar.bz2#84280026c5b932c188e3d6191850bcc6
https://conda.anaconda.org/conda-forge/osx-64/pyzmq-22.2.1-py38hd3b92b6_0.tar.bz2#932c6e40b12d87847d583cb1dfab51ec
https://conda.anaconda.org/conda-forge/osx-64/ruamel_yaml-0.15.80-py38h96a0964_1004.tar.bz2#d4ab3b052e24877af50121ad2772a64e
https://conda.anaconda.org/conda-forge/osx-64/setuptools-57.4.0-py38h50d1736_0.tar.bz2#71a947088d7dc24f11e6e1309eef3309
https://conda.anaconda.org/conda-forge/osx-64/sniffio-1.2.0-py38h50d1736_1.tar.bz2#5071a98de41511ed3b2f11f6034fa083
https://conda.anaconda.org/conda-forge/osx-64/sqlalchemy-1.3.23-py38hca655e8_0.tar.bz2#d825e0437232e013f80c6898a0be600e
https://conda.anaconda.org/conda-forge/osx-64/tornado-6.1-py38h96a0964_1.tar.bz2#f227f678860b2028b200544e2ae16790
https://conda.anaconda.org/conda-forge/noarch/tqdm-4.62.1-pyhd8ed1ab_0.tar.bz2#3f3c56178e558bb499f454274e125ee4
https://conda.anaconda.org/conda-forge/noarch/traitlets-5.0.5-py_0.tar.bz2#99618ee9ab1323e40f231acdab92fe60
https://conda.anaconda.org/conda-forge/osx-64/websocket-client-0.57.0-py38h50d1736_4.tar.bz2#9dcff71d6fdbeba3e3c1c3ff65412908
https://conda.anaconda.org/conda-forge/osx-64/anyio-3.3.0-py38h50d1736_0.tar.bz2#a5bb1dafbc3d5d4edcd52108613803ac
https://conda.anaconda.org/conda-forge/osx-64/argon2-cffi-20.1.0-py38h96a0964_2.tar.bz2#8a9871fc3cb3937835261337d3aefd9c
https://conda.anaconda.org/conda-forge/noarch/backports.functools_lru_cache-1.6.4-pyhd8ed1ab_0.tar.bz2#c5b3edc62d6309088f4970b3eaaa65a6
https://conda.anaconda.org/conda-forge/noarch/bleach-4.0.0-pyhd8ed1ab_0.tar.bz2#6b153c1c9e712f40e1f128476944996a
https://conda.anaconda.org/conda-forge/osx-64/brotlipy-0.7.0-py38h96a0964_1001.tar.bz2#aaf4da127e2c5f3c14c9516ba5bed670
https://conda.anaconda.org/conda-forge/osx-64/conda-package-handling-1.7.3-py38h96a0964_0.tar.bz2#9a58f3a7bca23dd5d18e60ee2933e1c2
https://conda.anaconda.org/conda-forge/osx-64/cryptography-3.4.7-py38h1fa4640_0.tar.bz2#5304e7f817ae1197827db78524f7c2a7
https://conda.anaconda.org/conda-forge/noarch/ghp-import-2.0.1-pyhd8ed1ab_0.tar.bz2#28880d2d3753815624ace200085f5604
https://conda.anaconda.org/conda-forge/noarch/gitpython-3.1.18-pyhd8ed1ab_0.tar.bz2#19520f600cddf466cc3551e521809b66
https://conda.anaconda.org/conda-forge/noarch/jinja2-3.0.1-pyhd8ed1ab_0.tar.bz2#c647e77921fd3e245cdcc5b2d451a0f8
https://conda.anaconda.org/conda-forge/noarch/jsonschema-3.2.0-pyhd8ed1ab_3.tar.bz2#66125e28711d8ffc04a207a2b170316d
https://conda.anaconda.org/conda-forge/osx-64/jupyter_core-4.7.1-py38h50d1736_0.tar.bz2#1253aea385688aebc9941897681c8a2a
https://conda.anaconda.org/conda-forge/noarch/matplotlib-inline-0.1.2-pyhd8ed1ab_2.tar.bz2#0967e1db58b16e416464ca399f87df79
https://conda.anaconda.org/conda-forge/osx-64/numpy-1.21.2-py38h49b9922_0.tar.bz2#e169c9a2f0100cacca1171c49f4ec32e
https://conda.anaconda.org/conda-forge/noarch/pip-21.2.4-pyhd8ed1ab_0.tar.bz2#4104ada314dd5639ea36cc12bce0a2cd
https://conda.anaconda.org/conda-forge/osx-64/pybtex-0.24.0-py38h50d1736_0.tar.bz2#d349fede57fea743e33b5e456119d11a
https://conda.anaconda.org/conda-forge/noarch/pygments-2.10.0-pyhd8ed1ab_0.tar.bz2#32bcce837f1316f1c3208118b6c5e5fc
https://conda.anaconda.org/conda-forge/osx-64/terminado-0.11.1-py38h50d1736_0.tar.bz2#98f0a25b9c0dd4150d372e3fb50eb374
https://conda.anaconda.org/conda-forge/osx-64/click-completion-0.5.2-py38h50d1736_2.tar.bz2#e36ae03e308bc7903b66283b49f932d2
https://conda.anaconda.org/conda-forge/noarch/jupyter_client-6.1.12-pyhd8ed1ab_0.tar.bz2#f58b38ddb9f94fa3cafea4ba2b17f93b
https://conda.anaconda.org/conda-forge/osx-64/matplotlib-base-3.4.3-py38hc7d2367_0.tar.bz2#257e9f5943267d82d8bc3b390a2985c1
https://conda.anaconda.org/conda-forge/noarch/nbformat-5.1.3-pyhd8ed1ab_0.tar.bz2#bafa5df6d4f8db69a4d197b4657127e7
https://conda.anaconda.org/conda-forge/osx-64/pandas-1.3.2-py38ha53d530_0.tar.bz2#17b9092ca15a386e359e65ec63ad2ce7
https://conda.anaconda.org/conda-forge/osx-64/pybtex-docutils-1.0.1-py38h50d1736_0.tar.bz2#576bb6626a4f38b14e153db55d1fc39b
https://conda.anaconda.org/conda-forge/noarch/pyopenssl-20.0.1-pyhd8ed1ab_0.tar.bz2#92371c25994d0f5d28a01c1fb75ebf86
https://conda.anaconda.org/conda-forge/osx-64/scipy-1.7.1-py38hd329d04_0.tar.bz2#b1813b8683f7ef6962400ef85ce621de
https://conda.anaconda.org/conda-forge/noarch/wcwidth-0.2.5-pyh9f0ad1d_2.tar.bz2#5266fcd697043c59621fda522b3d78ee
https://conda.anaconda.org/conda-forge/osx-64/matplotlib-3.4.3-py38h50d1736_0.tar.bz2#f856dbce0cb6475f4fc6ed8d4cfef2b9
https://conda.anaconda.org/conda-forge/noarch/nbclient-0.5.4-pyhd8ed1ab_0.tar.bz2#66ea0ea89e4f657a8b85fa5bdfce60ac
https://conda.anaconda.org/conda-forge/osx-64/nbconvert-5.6.1-py38h32f6830_1.tar.bz2#f4c83eb2dcf64eef8d52b7a44400b935
https://conda.anaconda.org/conda-forge/noarch/prompt-toolkit-3.0.19-pyha770c72_0.tar.bz2#d6db5e598611b7e81a3d38498174e6e8
https://conda.anaconda.org/conda-forge/noarch/urllib3-1.26.6-pyhd8ed1ab_0.tar.bz2#dea5b6d93cfbfbc2a253168ad05b3f89
https://conda.anaconda.org/conda-forge/osx-64/ipython-7.26.0-py38h5fd9f69_0.tar.bz2#1aad4d7d7f767746b3eba709eeaa0f31
https://conda.anaconda.org/conda-forge/noarch/requests-2.26.0-pyhd8ed1ab_0.tar.bz2#0ed2ccbde6db9dd5789068eb7194463f
https://conda.anaconda.org/conda-forge/osx-64/conda-4.10.3-py38h50d1736_0.tar.bz2#d285834312c4f6930247e1a08ef2586f
https://conda.anaconda.org/conda-forge/noarch/ensureconda-1.4.1-pyhd8ed1ab_0.tar.bz2#52a7f7cc9076e2c8a25e15e19ad42821
https://conda.anaconda.org/conda-forge/osx-64/ipykernel-6.2.0-py38h5fd9f69_0.tar.bz2#9d7dbfaef71904751983413067a8d21a
https://conda.anaconda.org/conda-forge/noarch/requests-unixsocket-0.2.0-py_0.tar.bz2#1e94a233d2f2c81b2bf11bd43a515fbe
https://conda.anaconda.org/conda-forge/noarch/sphinx-3.5.4-pyh44b312d_0.tar.bz2#0ebc444f001f73c4f6de01057b0be392
https://conda.anaconda.org/conda-forge/noarch/conda-lock-0.11.1-pyhd8ed1ab_0.tar.bz2#5588b5d7e5ed39305bb484ec12801aed
https://conda.anaconda.org/conda-forge/noarch/jupyter_server-1.10.2-pyhd8ed1ab_0.tar.bz2#135cf0c8641b737c56462c4ead895402
https://conda.anaconda.org/conda-forge/osx-64/mamba-0.15.3-py38h0c98490_0.tar.bz2#d720078e09449dfe5660e997d745ab58
https://conda.anaconda.org/conda-forge/noarch/notebook-6.4.3-pyha770c72_0.tar.bz2#8839b1ff228b3f8ec735963b8eb9dec5
https://conda.anaconda.org/conda-forge/noarch/pydata-sphinx-theme-0.6.3-pyhd8ed1ab_0.tar.bz2#a84900edc6e963d1cb448488bc06086b
https://conda.anaconda.org/conda-forge/noarch/sphinx-comments-0.0.3-pyh9f0ad1d_0.tar.bz2#2ae3ce35de0c1cec45c94182694f8d1b
https://conda.anaconda.org/conda-forge/noarch/sphinx-copybutton-0.4.0-pyhd8ed1ab_0.tar.bz2#80fd2cc25ad45911b4e42d5b91593e2f
https://conda.anaconda.org/conda-forge/noarch/sphinx-external-toc-0.2.2-pyhd8ed1ab_0.tar.bz2#a395bc6a35b28dbe9ff7111a1286c1c4
https://conda.anaconda.org/conda-forge/noarch/sphinx-multitoc-numbering-0.1.3-pyhd8ed1ab_0.tar.bz2#40749a4d0f0d2e11c65fb26c1cd16a90
https://conda.anaconda.org/conda-forge/noarch/sphinx-panels-0.5.2-pyhd3deb0d_0.tar.bz2#1a871a63c4be1bd47a7aa48b7417a426
https://conda.anaconda.org/conda-forge/noarch/sphinx-thebe-0.0.8-pyhd3deb0d_0.tar.bz2#b38bd0317b50ed986a4340b398a9ed72
https://conda.anaconda.org/conda-forge/noarch/sphinx-togglebutton-0.2.3-pyhd3deb0d_0.tar.bz2#3eb34ca58b3cb8df3c92371e79af9e12
https://conda.anaconda.org/conda-forge/noarch/sphinxcontrib-bibtex-2.2.1-pyhd8ed1ab_0.tar.bz2#927ecdc7ffaab15e45d908336ccc504c
https://conda.anaconda.org/conda-forge/noarch/jupyter-server-mathjax-0.2.3-pyhd8ed1ab_0.tar.bz2#2d0951b616bb3a172032ade395706f45
https://conda.anaconda.org/conda-forge/noarch/sphinx-book-theme-0.1.1-pyhd8ed1ab_0.tar.bz2#688d86af5fc3a277da6b37abf8b4217f
https://conda.anaconda.org/conda-forge/osx-64/widgetsnbextension-3.5.1-py38h50d1736_4.tar.bz2#7d69dd67c8a01d72b41e73102141afb8
https://conda.anaconda.org/conda-forge/noarch/ipywidgets-7.6.3-pyhd3deb0d_0.tar.bz2#536a9ed6d9e740f2b83d1a3c388e4388
https://conda.anaconda.org/conda-forge/noarch/nbdime-3.1.0-pyhd8ed1ab_0.tar.bz2#01a2197677952bf94a26f8995f8703fe
https://conda.anaconda.org/conda-forge/noarch/jupyter-cache-0.4.3-pyhd8ed1ab_0.tar.bz2#03cd9218c96d513854bfc8714eaf9451
https://conda.anaconda.org/conda-forge/noarch/jupyter-sphinx-0.3.2-py_0.tar.bz2#9ae5148b076ddba22552ddb57a4c22ee
https://conda.anaconda.org/conda-forge/noarch/jupytext-1.10.3-pyh44b312d_0.tar.bz2#a4e5e73ca8096bdf426ba27a75712054
https://conda.anaconda.org/conda-forge/noarch/markdown-it-py-0.6.2-pyhd8ed1ab_0.tar.bz2#61d712a472b02ccd3ba3f45383d373a3
https://conda.anaconda.org/conda-forge/noarch/mdit-py-plugins-0.2.6-pyhd8ed1ab_0.tar.bz2#e9647b3958ae8a26958aeff582c2e78e
https://conda.anaconda.org/conda-forge/noarch/myst-parser-0.13.7-pyhd8ed1ab_0.tar.bz2#1ff522344de6c3e47fe9d919c98056ba
https://conda.anaconda.org/conda-forge/noarch/myst-nb-0.12.3-pyhd8ed1ab_0.tar.bz2#ebf571800ca804f56962fe00ddb5c73d
https://conda.anaconda.org/conda-forge/noarch/sphinx-jupyterbook-latex-0.4.2-pyhd8ed1ab_1.tar.bz2#9666501849d630b8e63eee54e9569c8d
https://conda.anaconda.org/conda-forge/noarch/jupyter-book-0.11.2-pyhd8ed1ab_0.tar.bz2#e0a7ab2246b9be060fb38a23d682deaa
